
Microsoft Visual Studio Solution File, Format Version 12.00
# Visual Studio Version 17
VisualStudioVersion = 17.5.002.0
MinimumVisualStudioVersion = 10.0.40219.1
Project("{9A19103F-16F7-4668-BE54-9A1E7A4F7556}") = "Algorithmic_Trading", "Algorithmic_Trading.csproj", "{2B0D041F-1D57-4A79-ACF2-13D56A2E2B83}"
EndProject
Global
	GlobalSection(SolutionConfigurationPlatforms) = preSolution
		Debug|Any CPU = Debug|Any CPU
		Release|Any CPU = Release|Any CPU
	EndGlobalSection
	GlobalSection(ProjectConfigurationPlatforms) = postSolution
		{2B0D041F-1D57-4A79-ACF2-13D56A2E2B83}.Debug|Any CPU.ActiveCfg = Debug|Any CPU
		{2B0D041F-1D57-4A79-ACF2-13D56A2E2B83}.Debug|Any CPU.Build.0 = Debug|Any CPU
		{2B0D041F-1D57-4A79-ACF2-13D56A2E2B83}.Release|Any CPU.ActiveCfg = Release|Any CPU
		{2B0D041F-1D57-4A79-ACF2-13D56A2E2B83}.Release|Any CPU.Build.0 = Release|Any CPU
	EndGlobalSection
	GlobalSection(SolutionProperties) = preSolution
		HideSolutionNode = FALSE
	EndGlobalSection
	GlobalSection(ExtensibilityGlobals) = postSolution
		SolutionGuid = {56379242-439E-4681-9F0F-8D9F0B45F81C}
	EndGlobalSection
EndGlobal
